
Microsoft Visual Studio Solution File, Format Version 12.00
# Visual Studio Version 16
VisualStudioVersion = 16.0.31129.286
MinimumVisualStudioVersion = 10.0.40219.1
Project("{FAE04EC0-301F-11D3-BF4B-00C04F79EFBC}") = "mp5crypt", "mp5crypt\mp5crypt.csproj", "{8F6B123C-81A3-4593-AF41-D67C028DE8CF}"
EndProject
Global
	GlobalSection(SolutionConfigurationPlatforms) = preSolution
		Debug|Any CPU = Debug|Any CPU
		Release|Any CPU = Release|Any CPU
	EndGlobalSection
	GlobalSection(ProjectConfigurationPlatforms) = postSolution
		{8F6B123C-81A3-4593-AF41-D67C028DE8CF}.Debug|Any CPU.ActiveCfg = Debug|Any CPU
		{8F6B123C-81A3-4593-AF41-D67C028DE8CF}.Debug|Any CPU.Build.0 = Debug|Any CPU
		{8F6B123C-81A3-4593-AF41-D67C028DE8CF}.Release|Any CPU.ActiveCfg = Release|Any CPU
		{8F6B123C-81A3-4593-AF41-D67C028DE8CF}.Release|Any CPU.Build.0 = Release|Any CPU
	EndGlobalSection
	GlobalSection(SolutionProperties) = preSolution
		HideSolutionNode = FALSE
	EndGlobalSection
	GlobalSection(ExtensibilityGlobals) = postSolution
		SolutionGuid = {754DEBF8-F621-4DDE-864F-6689B10F1C80}
	EndGlobalSection
EndGlobal
