
Microsoft Visual Studio Solution File, Format Version 12.00
# Visual Studio Version 16
VisualStudioVersion = 16.0.31129.286
MinimumVisualStudioVersion = 10.0.40219.1
Project("{FAE04EC0-301F-11D3-BF4B-00C04F79EFBC}") = "AppTime", "AppTime\AppTime.csproj", "{464101CE-71F7-47A9-9195-2DBE7AC47995}"
EndProject
Global
	GlobalSection(SolutionConfigurationPlatforms) = preSolution
		Debug|Any CPU = Debug|Any CPU
		Release|Any CPU = Release|Any CPU
	EndGlobalSection
	GlobalSection(ProjectConfigurationPlatforms) = postSolution
		{464101CE-71F7-47A9-9195-2DBE7AC47995}.Debug|Any CPU.ActiveCfg = Debug|Any CPU
		{464101CE-71F7-47A9-9195-2DBE7AC47995}.Debug|Any CPU.Build.0 = Debug|Any CPU
		{464101CE-71F7-47A9-9195-2DBE7AC47995}.Release|Any CPU.ActiveCfg = Release|Any CPU
		{464101CE-71F7-47A9-9195-2DBE7AC47995}.Release|Any CPU.Build.0 = Release|Any CPU
	EndGlobalSection
	GlobalSection(SolutionProperties) = preSolution
		HideSolutionNode = FALSE
	EndGlobalSection
	GlobalSection(ExtensibilityGlobals) = postSolution
		SolutionGuid = {26B82BE4-408A-411B-B139-CCC47FFDC109}
	EndGlobalSection
EndGlobal
